
Microsoft Visual Studio Solution File, Format Version 12.00
# Visual Studio 2013
VisualStudioVersion = 12.0.31101.0
MinimumVisualStudioVersion = 10.0.40219.1
Project("{FAE04EC0-301F-11D3-BF4B-00C04F79EFBC}") = "ConcreteContentTypes.Sandbox", "ConcreteContentTypes.Sandbox\ConcreteContentTypes.Sandbox.csproj", "{2ADE8CCE-E52D-41E6-B269-4686F1AB0157}"
EndProject
Project("{FAE04EC0-301F-11D3-BF4B-00C04F79EFBC}") = "ConcreteContentTypes.Core", "ConcreteContentTypes.Core\ConcreteContentTypes.Core.csproj", "{1B3D21DD-FB60-4A6B-A94A-5608C5154FA6}"
EndProject
Project("{FAE04EC0-301F-11D3-BF4B-00C04F79EFBC}") = "ConcreteContentTypes.LinqToExamine", "ConcreteContentTypes.LinqToExamine\ConcreteContentTypes.LinqToExamine.csproj", "{11CE168C-3A47-4383-B5F4-33FD91348164}"
EndProject
Project("{FAE04EC0-301F-11D3-BF4B-00C04F79EFBC}") = "ConcreteContentTypes.WebBlocks", "ConcreteContentTypes.WebBlocks\ConcreteContentTypes.WebBlocks.csproj", "{8AF3DFB2-5324-46DE-AB06-8F2D56A99123}"
EndProject
Project("{2150E333-8FDC-42A3-9474-1A3956D46DE8}") = "Third Party Support", "Third Party Support", "{544F2882-540C-49AE-AFD4-4878A276914D}"
EndProject
Project("{2150E333-8FDC-42A3-9474-1A3956D46DE8}") = ".nuget", ".nuget", "{CA1A05B0-A863-4D10-9870-B020EAC1EAC6}"
	ProjectSection(SolutionItems) = preProject
		.nuget\NuGet.Config = .nuget\NuGet.Config
		.nuget\NuGet.exe = .nuget\NuGet.exe
		.nuget\NuGet.targets = .nuget\NuGet.targets
	EndProjectSection
EndProject
Project("{FAE04EC0-301F-11D3-BF4B-00C04F79EFBC}") = "ConcreteContentTypes.Tests", "ConcreteContentTypes.Tests\ConcreteContentTypes.Tests.csproj", "{70CBCA48-EB0A-4C4B-8678-64D9F2B58416}"
EndProject
Global
	GlobalSection(SolutionConfigurationPlatforms) = preSolution
		Debug|Any CPU = Debug|Any CPU
		Release|Any CPU = Release|Any CPU
	EndGlobalSection
	GlobalSection(ProjectConfigurationPlatforms) = postSolution
		{2ADE8CCE-E52D-41E6-B269-4686F1AB0157}.Debug|Any CPU.ActiveCfg = Debug|Any CPU
		{2ADE8CCE-E52D-41E6-B269-4686F1AB0157}.Debug|Any CPU.Build.0 = Debug|Any CPU
		{2ADE8CCE-E52D-41E6-B269-4686F1AB0157}.Release|Any CPU.ActiveCfg = Release|Any CPU
		{2ADE8CCE-E52D-41E6-B269-4686F1AB0157}.Release|Any CPU.Build.0 = Release|Any CPU
		{1B3D21DD-FB60-4A6B-A94A-5608C5154FA6}.Debug|Any CPU.ActiveCfg = Debug|Any CPU
		{1B3D21DD-FB60-4A6B-A94A-5608C5154FA6}.Debug|Any CPU.Build.0 = Debug|Any CPU
		{1B3D21DD-FB60-4A6B-A94A-5608C5154FA6}.Release|Any CPU.ActiveCfg = Release|Any CPU
		{1B3D21DD-FB60-4A6B-A94A-5608C5154FA6}.Release|Any CPU.Build.0 = Release|Any CPU
		{11CE168C-3A47-4383-B5F4-33FD91348164}.Debug|Any CPU.ActiveCfg = Debug|Any CPU
		{11CE168C-3A47-4383-B5F4-33FD91348164}.Debug|Any CPU.Build.0 = Debug|Any CPU
		{11CE168C-3A47-4383-B5F4-33FD91348164}.Release|Any CPU.ActiveCfg = Release|Any CPU
		{11CE168C-3A47-4383-B5F4-33FD91348164}.Release|Any CPU.Build.0 = Release|Any CPU
		{8AF3DFB2-5324-46DE-AB06-8F2D56A99123}.Debug|Any CPU.ActiveCfg = Debug|Any CPU
		{8AF3DFB2-5324-46DE-AB06-8F2D56A99123}.Debug|Any CPU.Build.0 = Debug|Any CPU
		{8AF3DFB2-5324-46DE-AB06-8F2D56A99123}.Release|Any CPU.ActiveCfg = Release|Any CPU
		{8AF3DFB2-5324-46DE-AB06-8F2D56A99123}.Release|Any CPU.Build.0 = Release|Any CPU
		{70CBCA48-EB0A-4C4B-8678-64D9F2B58416}.Debug|Any CPU.ActiveCfg = Debug|Any CPU
		{70CBCA48-EB0A-4C4B-8678-64D9F2B58416}.Debug|Any CPU.Build.0 = Debug|Any CPU
		{70CBCA48-EB0A-4C4B-8678-64D9F2B58416}.Release|Any CPU.ActiveCfg = Release|Any CPU
		{70CBCA48-EB0A-4C4B-8678-64D9F2B58416}.Release|Any CPU.Build.0 = Release|Any CPU
	EndGlobalSection
	GlobalSection(SolutionProperties) = preSolution
		HideSolutionNode = FALSE
	EndGlobalSection
	GlobalSection(NestedProjects) = preSolution
		{11CE168C-3A47-4383-B5F4-33FD91348164} = {544F2882-540C-49AE-AFD4-4878A276914D}
		{8AF3DFB2-5324-46DE-AB06-8F2D56A99123} = {544F2882-540C-49AE-AFD4-4878A276914D}
	EndGlobalSection
EndGlobal
