
Microsoft Visual Studio Solution File, Format Version 12.00
# Visual Studio 2013
VisualStudioVersion = 12.0.31101.0
MinimumVisualStudioVersion = 10.0.40219.1
Project("{FAE04EC0-301F-11D3-BF4B-00C04F79EFBC}") = "ConcreteContentTypes.Sandbox", "ConcreteContentTypes.Sandbox\ConcreteContentTypes.Sandbox.csproj", "{2ADE8CCE-E52D-41E6-B269-4686F1AB0157}"
EndProject
Project("{FAE04EC0-301F-11D3-BF4B-00C04F79EFBC}") = "ConcreteContentTypes.Core", "ConcreteContentTypes.Core\ConcreteContentTypes.Core.csproj", "{1B3D21DD-FB60-4A6B-A94A-5608C5154FA6}"
EndProject
Project("{FAE04EC0-301F-11D3-BF4B-00C04F79EFBC}") = "ConcreteContentTypes.LinqToExamine", "ConcreteContentTypes.LinqToExamine\ConcreteContentTypes.LinqToExamine.csproj", "{11CE168C-3A47-4383-B5F4-33FD91348164}"
EndProject
Global
	GlobalSection(SolutionConfigurationPlatforms) = preSolution
		Debug|Any CPU = Debug|Any CPU
		Release|Any CPU = Release|Any CPU
	EndGlobalSection
	GlobalSection(ProjectConfigurationPlatforms) = postSolution
		{2ADE8CCE-E52D-41E6-B269-4686F1AB0157}.Debug|Any CPU.ActiveCfg = Debug|Any CPU
		{2ADE8CCE-E52D-41E6-B269-4686F1AB0157}.Debug|Any CPU.Build.0 = Debug|Any CPU
		{2ADE8CCE-E52D-41E6-B269-4686F1AB0157}.Release|Any CPU.ActiveCfg = Release|Any CPU
		{2ADE8CCE-E52D-41E6-B269-4686F1AB0157}.Release|Any CPU.Build.0 = Release|Any CPU
		{1B3D21DD-FB60-4A6B-A94A-5608C5154FA6}.Debug|Any CPU.ActiveCfg = Debug|Any CPU
		{1B3D21DD-FB60-4A6B-A94A-5608C5154FA6}.Debug|Any CPU.Build.0 = Debug|Any CPU
		{1B3D21DD-FB60-4A6B-A94A-5608C5154FA6}.Release|Any CPU.ActiveCfg = Release|Any CPU
		{1B3D21DD-FB60-4A6B-A94A-5608C5154FA6}.Release|Any CPU.Build.0 = Release|Any CPU
		{11CE168C-3A47-4383-B5F4-33FD91348164}.Debug|Any CPU.ActiveCfg = Debug|Any CPU
		{11CE168C-3A47-4383-B5F4-33FD91348164}.Debug|Any CPU.Build.0 = Debug|Any CPU
		{11CE168C-3A47-4383-B5F4-33FD91348164}.Release|Any CPU.ActiveCfg = Release|Any CPU
		{11CE168C-3A47-4383-B5F4-33FD91348164}.Release|Any CPU.Build.0 = Release|Any CPU
	EndGlobalSection
	GlobalSection(SolutionProperties) = preSolution
		HideSolutionNode = FALSE
	EndGlobalSection
EndGlobal
